
Microsoft Visual Studio Solution File, Format Version 12.00
# Visual Studio 15
VisualStudioVersion = 15.0.26730.12
MinimumVisualStudioVersion = 10.0.40219.1
Project("{FAE04EC0-301F-11D3-BF4B-00C04F79EFBC}") = "MDI_Application", "MDI_Application\MDI_Application.csproj", "{14FDB629-719A-4F4E-AF7D-0F2DDB2CFE37}"
EndProject
Global
	GlobalSection(SolutionConfigurationPlatforms) = preSolution
		Debug|Any CPU = Debug|Any CPU
		Release|Any CPU = Release|Any CPU
	EndGlobalSection
	GlobalSection(ProjectConfigurationPlatforms) = postSolution
		{14FDB629-719A-4F4E-AF7D-0F2DDB2CFE37}.Debug|Any CPU.ActiveCfg = Debug|Any CPU
		{14FDB629-719A-4F4E-AF7D-0F2DDB2CFE37}.Debug|Any CPU.Build.0 = Debug|Any CPU
		{14FDB629-719A-4F4E-AF7D-0F2DDB2CFE37}.Release|Any CPU.ActiveCfg = Release|Any CPU
		{14FDB629-719A-4F4E-AF7D-0F2DDB2CFE37}.Release|Any CPU.Build.0 = Release|Any CPU
	EndGlobalSection
	GlobalSection(SolutionProperties) = preSolution
		HideSolutionNode = FALSE
	EndGlobalSection
	GlobalSection(ExtensibilityGlobals) = postSolution
		SolutionGuid = {03DE61DF-4897-40C9-9632-30CA67B3C4BC}
	EndGlobalSection
EndGlobal
